{
  "name": "react-esbuild-app",
  "version": "0.0.0-0",
  "lockfileVersion": 3,
  "requires": true,
  "packages": {
    "": {
      "name": "react-esbuild-app",
      "version": "0.0.0-0",
      "dependencies": {
        "@tsconfig/strictest": "^2.0.2"
      }
    },
    "node_modules/@tsconfig/strictest": {
      "version": "2.0.2",
      "resolved": "https://registry.npmjs.org/@tsconfig/strictest/-/strictest-2.0.2.tgz",
      "integrity": "sha512-jt4jIsWKvUvuY6adJnQJlb/UR7DdjC8CjHI/OaSQruj2yX9/K6+KOvDt/vD6udqos/FUk5Op66CvYT7TBLYO5Q=="
    }
  }
}
